
Microsoft Visual Studio Solution File, Format Version 12.00
# Visual Studio Version 17
VisualStudioVersion = 17.4.33213.308
MinimumVisualStudioVersion = 10.0.40219.1
Project("{9A19103F-16F7-4668-BE54-9A1E7A4F7556}") = "LibraryManagementSystem", "LibraryManagementSystem\LibraryManagementSystem.csproj", "{F43EE1B6-6DCC-4967-9BBF-869716D082D2}"
EndProject
Project("{9A19103F-16F7-4668-BE54-9A1E7A4F7556}") = "LMSTest", "LMSTest\LMSTest.csproj", "{3BFAA748-DA59-420E-8D59-B2258D079028}"
EndProject
Global
	GlobalSection(SolutionConfigurationPlatforms) = preSolution
		Debug|Any CPU = Debug|Any CPU
		Release|Any CPU = Release|Any CPU
	EndGlobalSection
	GlobalSection(ProjectConfigurationPlatforms) = postSolution
		{F43EE1B6-6DCC-4967-9BBF-869716D082D2}.Debug|Any CPU.ActiveCfg = Debug|Any CPU
		{F43EE1B6-6DCC-4967-9BBF-869716D082D2}.Debug|Any CPU.Build.0 = Debug|Any CPU
		{F43EE1B6-6DCC-4967-9BBF-869716D082D2}.Release|Any CPU.ActiveCfg = Release|Any CPU
		{F43EE1B6-6DCC-4967-9BBF-869716D082D2}.Release|Any CPU.Build.0 = Release|Any CPU
		{3BFAA748-DA59-420E-8D59-B2258D079028}.Debug|Any CPU.ActiveCfg = Debug|Any CPU
		{3BFAA748-DA59-420E-8D59-B2258D079028}.Debug|Any CPU.Build.0 = Debug|Any CPU
		{3BFAA748-DA59-420E-8D59-B2258D079028}.Release|Any CPU.ActiveCfg = Release|Any CPU
		{3BFAA748-DA59-420E-8D59-B2258D079028}.Release|Any CPU.Build.0 = Release|Any CPU
	EndGlobalSection
	GlobalSection(SolutionProperties) = preSolution
		HideSolutionNode = FALSE
	EndGlobalSection
	GlobalSection(ExtensibilityGlobals) = postSolution
		SolutionGuid = {C4C9A950-1D14-45A3-BE9E-64775F4C88F6}
	EndGlobalSection
EndGlobal
